<?xml version="1.0" encoding="utf-8"?>
<Project ToolsVersion="4.0" xmlns="http://schemas.microsoft.com/developer/msbuild/2003">
  <ItemGroup>
    <Filter Include="Diamond">
      <UniqueIdentifier>{A15F3E72-0D3F-BD0D-1657-48E482B5236F}</UniqueIdentifier>
    </Filter>
  </ItemGroup>
  <ItemGroup>
    <ClInclude Include="src\Diamond.h" />
    <ClInclude Include="src\Diamond\Application.h">
      <Filter>Diamond</Filter>
    </ClInclude>
    <ClInclude Include="src\Diamond\Core.h">
      <Filter>Diamond</Filter>
    </ClInclude>
    <ClInclude Include="src\Diamond\EntryPoint.h">
      <Filter>Diamond</Filter>
    </ClInclude>
    <ClInclude Include="src\Diamond\Log.h">
      <Filter>Diamond</Filter>
    </ClInclude>
  </ItemGroup>
  <ItemGroup>
    <ClCompile Include="src\Diamond\Application.cpp">
      <Filter>Diamond</Filter>
    </ClCompile>
    <ClCompile Include="src\Diamond\Log.cpp">
      <Filter>Diamond</Filter>
    </ClCompile>
  </ItemGroup>
</Project>